{
  "version": 4,
  "terraform_version": "1.2.2",
  "serial": 257,
  "lineage": "6e19de28-2f7e-e0ee-519e-9777d4d1d79f",
  "outputs": {
    "ssh_allowed_from": {
      "value": "0.0.0.0/0",
      "type": "string"
    },
    "zz_bastion_easy_connect": {
      "value": "\n--------\n# Debugging AWS user_Data - user_Data script =\n\u003e\u003e\u003e\u003e\u003e\u003e\u003e\u003e\u003e\u003e\u003e\u003e\u003e\u003e\u003e\u003e\u003e\u003e\u003e\u003e\u003e\u003e\u003e\nbe6baecb4f5cfc26b35289ca79719e9efb761a16\n\u003c\u003c\u003c\u003c\u003c\u003c\u003c\u003c\u003c\u003c\u003c\u003c\u003c\u003c\u003c\u003c\u003c\u003c\u003c\u003c\u003c\u003c\u003c\n\n# How to connect:\nssh-add \u003cyour_private_ssh_key\u003e\nssh -A ubuntu@34.244.72.177\n\n# Optional, ssh to the Vault cluster nodes:\nnode 1: ssh ubuntu@10.0.0.147\nnode 2: ssh ubuntu@NON-EXISTING-NODE\nnode 3: ssh ubuntu@NON-EXISTING-NODE\n\nexport VAULT_ADDR=\"http://127.0.0.1:8200\"\nvault status\n\n# Vault UI address:\nnode 1: http://54.195.143.8:8200\nnode 2: http://NON-EXISTING-NODE:8200\nnode 3: http://NON-EXISTING-NODE:8200\n--------\n\n",
      "type": "string"
    }
  },
  "resources": [
    {
      "mode": "data",
      "type": "aws_ami",
      "name": "latest_ubuntu",
      "provider": "provider[\"registry.terraform.io/hashicorp/aws\"]",
      "instances": [
        {
          "schema_version": 0,
          "attributes": {
            "architecture": "x86_64",
            "arn": "arn:aws:ec2:eu-west-1::image/ami-0c0aa81a5fab62093",
            "block_device_mappings": [
              {
                "device_name": "/dev/sda1",
                "ebs": {
                  "delete_on_termination": "true",
                  "encrypted": "false",
                  "iops": "0",
                  "snapshot_id": "snap-0c40840c44f665a71",
                  "throughput": "0",
                  "volume_size": "8",
                  "volume_type": "gp2"
                },
                "no_device": "",
                "virtual_name": ""
              },
              {
                "device_name": "/dev/sdb",
                "ebs": {},
                "no_device": "",
                "virtual_name": "ephemeral0"
              },
              {
                "device_name": "/dev/sdc",
                "ebs": {},
                "no_device": "",
                "virtual_name": "ephemeral1"
              }
            ],
            "creation_date": "2022-06-16T06:37:18.000Z",
            "description": "Canonical, Ubuntu, 22.04 LTS, amd64 jammy image build on 2022-06-16",
            "ena_support": true,
            "executable_users": null,
            "filter": [
              {
                "name": "name",
                "values": [
                  "ubuntu/images/hvm-ssd/ubuntu-jammy-22.04-amd64-server-*"
                ]
              }
            ],
            "hypervisor": "xen",
            "id": "ami-0c0aa81a5fab62093",
            "image_id": "ami-0c0aa81a5fab62093",
            "image_location": "099720109477/ubuntu/images/hvm-ssd/ubuntu-jammy-22.04-amd64-server-20220616",
            "image_owner_alias": null,
            "image_type": "machine",
            "kernel_id": null,
            "most_recent": true,
            "name": "ubuntu/images/hvm-ssd/ubuntu-jammy-22.04-amd64-server-20220616",
            "name_regex": null,
            "owner_id": "099720109477",
            "owners": [
              "099720109477"
            ],
            "platform": null,
            "platform_details": "Linux/UNIX",
            "product_codes": [],
            "public": true,
            "ramdisk_id": null,
            "root_device_name": "/dev/sda1",
            "root_device_type": "ebs",
            "root_snapshot_id": "snap-0c40840c44f665a71",
            "sriov_net_support": "simple",
            "state": "available",
            "state_reason": {
              "code": "UNSET",
              "message": "UNSET"
            },
            "tags": {},
            "usage_operation": "RunInstances",
            "virtualization_type": "hvm"
          },
          "sensitive_attributes": []
        }
      ]
    },
    {
      "module": "module.simple-bastion",
      "mode": "managed",
      "type": "aws_instance",
      "name": "bastion",
      "provider": "module.simple-bastion.provider[\"registry.terraform.io/hashicorp/aws\"]",
      "instances": [
        {
          "schema_version": 1,
          "attributes": {
            "ami": "ami-0c0aa81a5fab62093",
            "arn": "arn:aws:ec2:eu-west-1:781487097529:instance/i-0dc5fb2e89dbcb059",
            "associate_public_ip_address": true,
            "availability_zone": "eu-west-1b",
            "capacity_reservation_specification": [
              {
                "capacity_reservation_preference": "open",
                "capacity_reservation_target": []
              }
            ],
            "cpu_core_count": 1,
            "cpu_threads_per_core": 1,
            "credit_specification": [
              {
                "cpu_credits": "standard"
              }
            ],
            "disable_api_termination": false,
            "ebs_block_device": [],
            "ebs_optimized": false,
            "enclave_options": [
              {
                "enabled": false
              }
            ],
            "ephemeral_block_device": [],
            "get_password_data": false,
            "hibernation": false,
            "host_id": null,
            "iam_instance_profile": "",
            "id": "i-0dc5fb2e89dbcb059",
            "instance_initiated_shutdown_behavior": "stop",
            "instance_state": "running",
            "instance_type": "t2.micro",
            "ipv6_address_count": 0,
            "ipv6_addresses": [],
            "key_name": "ssh_pubkey",
            "launch_template": [],
            "metadata_options": [
              {
                "http_endpoint": "enabled",
                "http_put_response_hop_limit": 1,
                "http_tokens": "optional",
                "instance_metadata_tags": "disabled"
              }
            ],
            "monitoring": false,
            "network_interface": [],
            "outpost_arn": "",
            "password_data": "",
            "placement_group": "",
            "placement_partition_number": null,
            "primary_network_interface_id": "eni-00a7ca959fb98415d",
            "private_dns": "ip-10-0-0-26.eu-west-1.compute.internal",
            "private_ip": "10.0.0.26",
            "public_dns": "",
            "public_ip": "34.244.72.177",
            "root_block_device": [
              {
                "delete_on_termination": true,
                "device_name": "/dev/sda1",
                "encrypted": false,
                "iops": 100,
                "kms_key_id": "",
                "tags": {},
                "throughput": 0,
                "volume_id": "vol-0d58f3fc82a8e6452",
                "volume_size": 8,
                "volume_type": "gp2"
              }
            ],
            "secondary_private_ips": [],
            "security_groups": [],
            "source_dest_check": true,
            "subnet_id": "subnet-071a84653feac65ec",
            "tags": {
              "Name": "bastion RE",
              "owner": "richarde"
            },
            "tags_all": {
              "Name": "bastion RE",
              "owner": "richarde"
            },
            "tenancy": "default",
            "timeouts": null,
            "user_data": "f70585dbaacc68a39f4f789bd2af3e73bf0e4be0",
            "user_data_base64": null,
            "volume_tags": null,
            "vpc_security_group_ids": [
              "sg-0323086e613f42036"
            ]
          },
          "sensitive_attributes": [],
          "private": "eyJlMmJmYjczMC1lY2FhLTExZTYtOGY4OC0zNDM2M2JjN2M0YzAiOnsiY3JlYXRlIjo2MDAwMDAwMDAwMDAsImRlbGV0ZSI6MTIwMDAwMDAwMDAwMCwidXBkYXRlIjo2MDAwMDAwMDAwMDB9LCJzY2hlbWFfdmVyc2lvbiI6IjEifQ==",
          "dependencies": [
            "data.aws_ami.latest_ubuntu",
            "module.simple-bastion.aws_key_pair.auto_ssh_pubkey",
            "module.simple-bastion.aws_key_pair.ssh_pubkey",
            "module.simple-bastion.aws_security_group.bastion",
            "module.simple-bastion.data.aws_ami.latest_al2022",
            "module.simple-bastion.tls_private_key.auto_ssh_key",
            "module.simple-vpc.aws_subnet.public",
            "module.simple-vpc.aws_vpc.main"
          ]
        }
      ]
    },
    {
      "module": "module.simple-bastion",
      "mode": "managed",
      "type": "aws_key_pair",
      "name": "ssh_pubkey",
      "provider": "module.simple-bastion.provider[\"registry.terraform.io/hashicorp/aws\"]",
      "instances": [
        {
          "index_key": 0,
          "schema_version": 1,
          "attributes": {
            "arn": "arn:aws:ec2:eu-west-1:781487097529:key-pair/ssh_pubkey",
            "fingerprint": "31:91:7b:09:00:24:1c:15:30:ad:59:33:2d:64:69:28",
            "id": "ssh_pubkey",
            "key_name": "ssh_pubkey",
            "key_name_prefix": "",
            "key_pair_id": "key-00be770e8f15afa23",
            "public_key": "ssh-rsa AAAAB3NzaC1yc2EAAAADAQABAAABgQCjYwZW8YIejpvtlzl/Pk84AgxjpFvxfPLP9KtUsMgwsdt5POwzgqiC0hXzlbsYfpCQ/9B0JkU0C9yclLzQ+VaPOOevBLnk2wVAqbO3GBtvxGf8me9Zsutr1br3E9xMqNluwFb+NC2Kj4UASmEM0D9Uf41pDk9U0XGSN6Vfni+Pm61LYN3ZD9bIH+L/fTwH1tzIet6iHwFQ9Njf7qLYtiFq5BEPsZ65PvZqI4KJ+EJto0c0gm7jmLo9pd5DoF/RcpNGm9pTppJkmSyip0jWPQ/q46GE6PJI5bWqqNIHTZ5P1K2+HiX5IGx/fWjocQXdDyu5kn+mQXeGOlGCaGL2PY9YDgX/eS7WERxddFhM5SnP0B2hiqmsRLG/70l6jGgVYWDW/eLzSvjxLxoZCay1wHYQ6A0jIs8ej6JUIQYx1zpe3VLLs14ZVp12mksb8rGcf9TWAtuw2mZIia9kLkMsly8/OHaOu8X74Ts/K9BY6MusLVR2eT9rO5cODjJUsII61bU= richard@richards-MBP.fritz.box",
            "tags": {
              "Name": "bastion RE",
              "owner": "richarde"
            },
            "tags_all": {
              "Name": "bastion RE",
              "owner": "richarde"
            }
          },
          "sensitive_attributes": [],
          "private": "eyJzY2hlbWFfdmVyc2lvbiI6IjEifQ=="
        }
      ]
    },
    {
      "module": "module.simple-bastion",
      "mode": "managed",
      "type": "aws_security_group",
      "name": "bastion",
      "provider": "module.simple-bastion.provider[\"registry.terraform.io/hashicorp/aws\"]",
      "instances": [
        {
          "schema_version": 1,
          "attributes": {
            "arn": "arn:aws:ec2:eu-west-1:781487097529:security-group/sg-0323086e613f42036",
            "description": "Main security group, allows all outgoing",
            "egress": [
              {
                "cidr_blocks": [
                  "0.0.0.0/0"
                ],
                "description": "allow outbound all",
                "from_port": 0,
                "ipv6_cidr_blocks": [],
                "prefix_list_ids": [],
                "protocol": "-1",
                "security_groups": [],
                "self": false,
                "to_port": 0
              }
            ],
            "id": "sg-0323086e613f42036",
            "ingress": [
              {
                "cidr_blocks": [
                  "0.0.0.0/0"
                ],
                "description": "allow inbound ssh",
                "from_port": 22,
                "ipv6_cidr_blocks": [],
                "prefix_list_ids": [],
                "protocol": "tcp",
                "security_groups": [],
                "self": false,
                "to_port": 22
              }
            ],
            "name": "Bastion",
            "name_prefix": "",
            "owner_id": "781487097529",
            "revoke_rules_on_delete": false,
            "tags": {
              "Name": "bastion RE",
              "owner": "richarde"
            },
            "tags_all": {
              "Name": "bastion RE",
              "owner": "richarde"
            },
            "timeouts": null,
            "vpc_id": "vpc-0705f116e3d1c9418"
          },
          "sensitive_attributes": [],
          "private": "eyJlMmJmYjczMC1lY2FhLTExZTYtOGY4OC0zNDM2M2JjN2M0YzAiOnsiY3JlYXRlIjo2MDAwMDAwMDAwMDAsImRlbGV0ZSI6OTAwMDAwMDAwMDAwfSwic2NoZW1hX3ZlcnNpb24iOiIxIn0=",
          "dependencies": [
            "module.simple-vpc.aws_vpc.main"
          ]
        }
      ]
    },
    {
      "module": "module.simple-bastion",
      "mode": "managed",
      "type": "aws_security_group_rule",
      "name": "egress_all",
      "provider": "module.simple-bastion.provider[\"registry.terraform.io/hashicorp/aws\"]",
      "instances": [
        {
          "schema_version": 2,
          "attributes": {
            "cidr_blocks": [
              "0.0.0.0/0"
            ],
            "description": "allow outbound all",
            "from_port": 0,
            "id": "sgrule-2882684991",
            "ipv6_cidr_blocks": [],
            "prefix_list_ids": [],
            "protocol": "-1",
            "security_group_id": "sg-0323086e613f42036",
            "self": false,
            "source_security_group_id": null,
            "to_port": 0,
            "type": "egress"
          },
          "sensitive_attributes": [],
          "private": "eyJzY2hlbWFfdmVyc2lvbiI6IjIifQ==",
          "dependencies": [
            "module.simple-bastion.aws_security_group.bastion",
            "module.simple-vpc.aws_vpc.main"
          ]
        }
      ]
    },
    {
      "module": "module.simple-bastion",
      "mode": "managed",
      "type": "aws_security_group_rule",
      "name": "ingress_ssh",
      "provider": "module.simple-bastion.provider[\"registry.terraform.io/hashicorp/aws\"]",
      "instances": [
        {
          "schema_version": 2,
          "attributes": {
            "cidr_blocks": [
              "0.0.0.0/0"
            ],
            "description": "allow inbound ssh",
            "from_port": 22,
            "id": "sgrule-1044476130",
            "ipv6_cidr_blocks": [],
            "prefix_list_ids": [],
            "protocol": "tcp",
            "security_group_id": "sg-0323086e613f42036",
            "self": false,
            "source_security_group_id": null,
            "to_port": 22,
            "type": "ingress"
          },
          "sensitive_attributes": [],
          "private": "eyJzY2hlbWFfdmVyc2lvbiI6IjIifQ==",
          "dependencies": [
            "module.simple-bastion.aws_security_group.bastion",
            "module.simple-vpc.aws_vpc.main"
          ]
        }
      ]
    },
    {
      "module": "module.simple-vault-cluster",
      "mode": "managed",
      "type": "aws_instance",
      "name": "vault-node",
      "provider": "provider[\"registry.terraform.io/hashicorp/aws\"]",
      "instances": [
        {
          "index_key": 0,
          "schema_version": 1,
          "attributes": {
            "ami": "ami-0c0aa81a5fab62093",
            "arn": "arn:aws:ec2:eu-west-1:781487097529:instance/i-00b9c5361cb8dea15",
            "associate_public_ip_address": true,
            "availability_zone": "eu-west-1b",
            "capacity_reservation_specification": [
              {
                "capacity_reservation_preference": "open",
                "capacity_reservation_target": []
              }
            ],
            "cpu_core_count": 1,
            "cpu_threads_per_core": 1,
            "credit_specification": [
              {
                "cpu_credits": "standard"
              }
            ],
            "disable_api_termination": false,
            "ebs_block_device": [],
            "ebs_optimized": false,
            "enclave_options": [
              {
                "enabled": false
              }
            ],
            "ephemeral_block_device": [],
            "get_password_data": false,
            "hibernation": false,
            "host_id": null,
            "iam_instance_profile": "",
            "id": "i-00b9c5361cb8dea15",
            "instance_initiated_shutdown_behavior": "stop",
            "instance_state": "running",
            "instance_type": "t2.micro",
            "ipv6_address_count": 0,
            "ipv6_addresses": [],
            "key_name": "ssh_pubkey",
            "launch_template": [],
            "metadata_options": [
              {
                "http_endpoint": "enabled",
                "http_put_response_hop_limit": 1,
                "http_tokens": "optional",
                "instance_metadata_tags": "disabled"
              }
            ],
            "monitoring": false,
            "network_interface": [],
            "outpost_arn": "",
            "password_data": "",
            "placement_group": "",
            "placement_partition_number": null,
            "primary_network_interface_id": "eni-0c1340208b5772493",
            "private_dns": "ip-10-0-0-147.eu-west-1.compute.internal",
            "private_ip": "10.0.0.147",
            "public_dns": "",
            "public_ip": "54.195.143.8",
            "root_block_device": [
              {
                "delete_on_termination": true,
                "device_name": "/dev/sda1",
                "encrypted": false,
                "iops": 100,
                "kms_key_id": "",
                "tags": {},
                "throughput": 0,
                "volume_id": "vol-03b19f547c0ee6e43",
                "volume_size": 8,
                "volume_type": "gp2"
              }
            ],
            "secondary_private_ips": [],
            "security_groups": [],
            "source_dest_check": true,
            "subnet_id": "subnet-071a84653feac65ec",
            "tags": {
              "Name": "vault RE",
              "owner": "richarde"
            },
            "tags_all": {
              "Name": "vault RE",
              "owner": "richarde"
            },
            "tenancy": "default",
            "timeouts": null,
            "user_data": "be6baecb4f5cfc26b35289ca79719e9efb761a16",
            "user_data_base64": null,
            "volume_tags": null,
            "vpc_security_group_ids": [
              "sg-0242e3cb11786fa84"
            ]
          },
          "sensitive_attributes": [],
          "private": "eyJlMmJmYjczMC1lY2FhLTExZTYtOGY4OC0zNDM2M2JjN2M0YzAiOnsiY3JlYXRlIjo2MDAwMDAwMDAwMDAsImRlbGV0ZSI6MTIwMDAwMDAwMDAwMCwidXBkYXRlIjo2MDAwMDAwMDAwMDB9LCJzY2hlbWFfdmVyc2lvbiI6IjEifQ==",
          "dependencies": [
            "data.aws_ami.latest_ubuntu",
            "module.simple-bastion.aws_key_pair.auto_ssh_pubkey",
            "module.simple-bastion.aws_key_pair.ssh_pubkey",
            "module.simple-vault-cluster.aws_security_group.vault-cluster",
            "module.simple-vpc.aws_subnet.public"
          ]
        }
      ]
    },
    {
      "module": "module.simple-vault-cluster",
      "mode": "managed",
      "type": "aws_security_group",
      "name": "vault-cluster",
      "provider": "provider[\"registry.terraform.io/hashicorp/aws\"]",
      "instances": [
        {
          "schema_version": 1,
          "attributes": {
            "arn": "arn:aws:ec2:eu-west-1:781487097529:security-group/sg-0242e3cb11786fa84",
            "description": "Security group to allow public inbound traffic to Vault on 8200",
            "egress": [
              {
                "cidr_blocks": [
                  "0.0.0.0/0"
                ],
                "description": "allow outbound all",
                "from_port": 0,
                "ipv6_cidr_blocks": [],
                "prefix_list_ids": [],
                "protocol": "-1",
                "security_groups": [],
                "self": false,
                "to_port": 0
              }
            ],
            "id": "sg-0242e3cb11786fa84",
            "ingress": [
              {
                "cidr_blocks": [
                  "0.0.0.0/0"
                ],
                "description": "allow inbound 8200",
                "from_port": 8200,
                "ipv6_cidr_blocks": [],
                "prefix_list_ids": [],
                "protocol": "tcp",
                "security_groups": [],
                "self": false,
                "to_port": 8200
              },
              {
                "cidr_blocks": [
                  "10.0.0.0/16"
                ],
                "description": "allow inbound ssh from subnet",
                "from_port": 22,
                "ipv6_cidr_blocks": [],
                "prefix_list_ids": [],
                "protocol": "tcp",
                "security_groups": [],
                "self": false,
                "to_port": 22
              }
            ],
            "name": "Vault",
            "name_prefix": "",
            "owner_id": "781487097529",
            "revoke_rules_on_delete": false,
            "tags": {
              "Name": "vault RE",
              "owner": "richarde"
            },
            "tags_all": {
              "Name": "vault RE",
              "owner": "richarde"
            },
            "timeouts": null,
            "vpc_id": "vpc-0705f116e3d1c9418"
          },
          "sensitive_attributes": [],
          "private": "eyJlMmJmYjczMC1lY2FhLTExZTYtOGY4OC0zNDM2M2JjN2M0YzAiOnsiY3JlYXRlIjo2MDAwMDAwMDAwMDAsImRlbGV0ZSI6OTAwMDAwMDAwMDAwfSwic2NoZW1hX3ZlcnNpb24iOiIxIn0=",
          "dependencies": [
            "module.simple-vpc.aws_vpc.main"
          ]
        }
      ]
    },
    {
      "module": "module.simple-vault-cluster",
      "mode": "managed",
      "type": "aws_security_group_rule",
      "name": "egress_all",
      "provider": "provider[\"registry.terraform.io/hashicorp/aws\"]",
      "instances": [
        {
          "schema_version": 2,
          "attributes": {
            "cidr_blocks": [
              "0.0.0.0/0"
            ],
            "description": "allow outbound all",
            "from_port": 0,
            "id": "sgrule-1662684565",
            "ipv6_cidr_blocks": [],
            "prefix_list_ids": [],
            "protocol": "-1",
            "security_group_id": "sg-0242e3cb11786fa84",
            "self": false,
            "source_security_group_id": null,
            "to_port": 0,
            "type": "egress"
          },
          "sensitive_attributes": [],
          "private": "eyJzY2hlbWFfdmVyc2lvbiI6IjIifQ==",
          "dependencies": [
            "module.simple-vault-cluster.aws_security_group.vault-cluster",
            "module.simple-vpc.aws_vpc.main"
          ]
        }
      ]
    },
    {
      "module": "module.simple-vault-cluster",
      "mode": "managed",
      "type": "aws_security_group_rule",
      "name": "ingress_api",
      "provider": "provider[\"registry.terraform.io/hashicorp/aws\"]",
      "instances": [
        {
          "schema_version": 2,
          "attributes": {
            "cidr_blocks": [
              "0.0.0.0/0"
            ],
            "description": "allow inbound 8200",
            "from_port": 8200,
            "id": "sgrule-1320136606",
            "ipv6_cidr_blocks": [],
            "prefix_list_ids": [],
            "protocol": "tcp",
            "security_group_id": "sg-0242e3cb11786fa84",
            "self": false,
            "source_security_group_id": null,
            "to_port": 8200,
            "type": "ingress"
          },
          "sensitive_attributes": [],
          "private": "eyJzY2hlbWFfdmVyc2lvbiI6IjIifQ==",
          "dependencies": [
            "module.simple-vault-cluster.aws_security_group.vault-cluster",
            "module.simple-vpc.aws_vpc.main"
          ]
        }
      ]
    },
    {
      "module": "module.simple-vault-cluster",
      "mode": "managed",
      "type": "aws_security_group_rule",
      "name": "ingress_ssh",
      "provider": "provider[\"registry.terraform.io/hashicorp/aws\"]",
      "instances": [
        {
          "schema_version": 2,
          "attributes": {
            "cidr_blocks": [
              "10.0.0.0/16"
            ],
            "description": "allow inbound ssh from subnet",
            "from_port": 22,
            "id": "sgrule-158753128",
            "ipv6_cidr_blocks": [],
            "prefix_list_ids": [],
            "protocol": "tcp",
            "security_group_id": "sg-0242e3cb11786fa84",
            "self": false,
            "source_security_group_id": null,
            "to_port": 22,
            "type": "ingress"
          },
          "sensitive_attributes": [],
          "private": "eyJzY2hlbWFfdmVyc2lvbiI6IjIifQ==",
          "dependencies": [
            "module.simple-vault-cluster.aws_security_group.vault-cluster",
            "module.simple-vpc.aws_vpc.main"
          ]
        }
      ]
    },
    {
      "module": "module.simple-vpc",
      "mode": "managed",
      "type": "aws_db_subnet_group",
      "name": "default",
      "provider": "module.simple-vpc.provider[\"registry.terraform.io/hashicorp/aws\"]",
      "instances": [
        {
          "schema_version": 0,
          "attributes": {
            "arn": "arn:aws:rds:eu-west-1:781487097529:subgrp:terraform-20220629170634957400000001",
            "description": "Managed by Terraform",
            "id": "terraform-20220629170634957400000001",
            "name": "terraform-20220629170634957400000001",
            "name_prefix": null,
            "subnet_ids": [
              "subnet-071a84653feac65ec",
              "subnet-0d55cae85ba4b4d9a"
            ],
            "tags": {},
            "tags_all": {}
          },
          "sensitive_attributes": [],
          "private": "bnVsbA==",
          "dependencies": [
            "module.simple-vpc.aws_subnet.private",
            "module.simple-vpc.aws_subnet.public",
            "module.simple-vpc.aws_vpc.main"
          ]
        }
      ]
    },
    {
      "module": "module.simple-vpc",
      "mode": "managed",
      "type": "aws_internet_gateway",
      "name": "main",
      "provider": "module.simple-vpc.provider[\"registry.terraform.io/hashicorp/aws\"]",
      "instances": [
        {
          "index_key": 0,
          "schema_version": 0,
          "attributes": {
            "arn": "arn:aws:ec2:eu-west-1:781487097529:internet-gateway/igw-00df7ac71dda5d543",
            "id": "igw-00df7ac71dda5d543",
            "owner_id": "781487097529",
            "tags": {
              "Name": "vpc RE",
              "owner": "richarde"
            },
            "tags_all": {
              "Name": "vpc RE",
              "owner": "richarde"
            },
            "vpc_id": "vpc-0705f116e3d1c9418"
          },
          "sensitive_attributes": [],
          "private": "bnVsbA==",
          "dependencies": [
            "module.simple-vpc.aws_vpc.main"
          ]
        }
      ]
    },
    {
      "module": "module.simple-vpc",
      "mode": "managed",
      "type": "aws_route",
      "name": "egress_all",
      "provider": "module.simple-vpc.provider[\"registry.terraform.io/hashicorp/aws\"]",
      "instances": [
        {
          "index_key": 0,
          "schema_version": 0,
          "attributes": {
            "carrier_gateway_id": "",
            "destination_cidr_block": "0.0.0.0/0",
            "destination_ipv6_cidr_block": "",
            "destination_prefix_list_id": "",
            "egress_only_gateway_id": "",
            "gateway_id": "igw-00df7ac71dda5d543",
            "id": "r-rtb-013978a75811218c31080289494",
            "instance_id": "",
            "instance_owner_id": "",
            "local_gateway_id": "",
            "nat_gateway_id": "",
            "network_interface_id": "",
            "origin": "CreateRoute",
            "route_table_id": "rtb-013978a75811218c3",
            "state": "active",
            "timeouts": null,
            "transit_gateway_id": "",
            "vpc_endpoint_id": "",
            "vpc_peering_connection_id": ""
          },
          "sensitive_attributes": [],
          "private": "eyJlMmJmYjczMC1lY2FhLTExZTYtOGY4OC0zNDM2M2JjN2M0YzAiOnsiY3JlYXRlIjozMDAwMDAwMDAwMDAsImRlbGV0ZSI6MzAwMDAwMDAwMDAwLCJ1cGRhdGUiOjEyMDAwMDAwMDAwMH19",
          "dependencies": [
            "module.simple-vpc.aws_internet_gateway.main",
            "module.simple-vpc.aws_route_table.main",
            "module.simple-vpc.aws_vpc.main"
          ]
        }
      ]
    },
    {
      "module": "module.simple-vpc",
      "mode": "managed",
      "type": "aws_route_table",
      "name": "main",
      "provider": "module.simple-vpc.provider[\"registry.terraform.io/hashicorp/aws\"]",
      "instances": [
        {
          "index_key": 0,
          "schema_version": 0,
          "attributes": {
            "arn": "arn:aws:ec2:eu-west-1:781487097529:route-table/rtb-013978a75811218c3",
            "id": "rtb-013978a75811218c3",
            "owner_id": "781487097529",
            "propagating_vgws": [],
            "route": [
              {
                "carrier_gateway_id": "",
                "cidr_block": "0.0.0.0/0",
                "destination_prefix_list_id": "",
                "egress_only_gateway_id": "",
                "gateway_id": "igw-00df7ac71dda5d543",
                "instance_id": "",
                "ipv6_cidr_block": "",
                "local_gateway_id": "",
                "nat_gateway_id": "",
                "network_interface_id": "",
                "transit_gateway_id": "",
                "vpc_endpoint_id": "",
                "vpc_peering_connection_id": ""
              }
            ],
            "tags": {
              "Name": "vpc RE",
              "owner": "richarde"
            },
            "tags_all": {
              "Name": "vpc RE",
              "owner": "richarde"
            },
            "timeouts": null,
            "vpc_id": "vpc-0705f116e3d1c9418"
          },
          "sensitive_attributes": [],
          "private": "eyJlMmJmYjczMC1lY2FhLTExZTYtOGY4OC0zNDM2M2JjN2M0YzAiOnsiY3JlYXRlIjozMDAwMDAwMDAwMDAsImRlbGV0ZSI6MzAwMDAwMDAwMDAwLCJ1cGRhdGUiOjEyMDAwMDAwMDAwMH19",
          "dependencies": [
            "module.simple-vpc.aws_vpc.main"
          ]
        }
      ]
    },
    {
      "module": "module.simple-vpc",
      "mode": "managed",
      "type": "aws_route_table_association",
      "name": "egress_all",
      "provider": "module.simple-vpc.provider[\"registry.terraform.io/hashicorp/aws\"]",
      "instances": [
        {
          "index_key": 0,
          "schema_version": 0,
          "attributes": {
            "gateway_id": "",
            "id": "rtbassoc-0324d23879b0dfd40",
            "route_table_id": "rtb-013978a75811218c3",
            "subnet_id": "subnet-071a84653feac65ec"
          },
          "sensitive_attributes": [],
          "private": "bnVsbA==",
          "dependencies": [
            "module.simple-vpc.aws_route_table.main",
            "module.simple-vpc.aws_subnet.public",
            "module.simple-vpc.aws_vpc.main"
          ]
        }
      ]
    },
    {
      "module": "module.simple-vpc",
      "mode": "managed",
      "type": "aws_security_group",
      "name": "vpc",
      "provider": "module.simple-vpc.provider[\"registry.terraform.io/hashicorp/aws\"]",
      "instances": [
        {
          "schema_version": 1,
          "attributes": {
            "arn": "arn:aws:ec2:eu-west-1:781487097529:security-group/sg-0d64429fb48330a00",
            "description": "Main security group, allows all outgoing",
            "egress": [
              {
                "cidr_blocks": [
                  "0.0.0.0/0"
                ],
                "description": "allow all outbound",
                "from_port": 0,
                "ipv6_cidr_blocks": [],
                "prefix_list_ids": [],
                "protocol": "-1",
                "security_groups": [],
                "self": false,
                "to_port": 0
              }
            ],
            "id": "sg-0d64429fb48330a00",
            "ingress": [
              {
                "cidr_blocks": [
                  "0.0.0.0/0"
                ],
                "description": "allow inbound ssh",
                "from_port": 22,
                "ipv6_cidr_blocks": [],
                "prefix_list_ids": [],
                "protocol": "tcp",
                "security_groups": [],
                "self": false,
                "to_port": 22
              }
            ],
            "name": "VPC",
            "name_prefix": "",
            "owner_id": "781487097529",
            "revoke_rules_on_delete": false,
            "tags": {
              "Name": "vpc RE",
              "owner": "richarde"
            },
            "tags_all": {
              "Name": "vpc RE",
              "owner": "richarde"
            },
            "timeouts": null,
            "vpc_id": "vpc-0705f116e3d1c9418"
          },
          "sensitive_attributes": [],
          "private": "eyJlMmJmYjczMC1lY2FhLTExZTYtOGY4OC0zNDM2M2JjN2M0YzAiOnsiY3JlYXRlIjo2MDAwMDAwMDAwMDAsImRlbGV0ZSI6OTAwMDAwMDAwMDAwfSwic2NoZW1hX3ZlcnNpb24iOiIxIn0=",
          "dependencies": [
            "module.simple-vpc.aws_vpc.main"
          ]
        }
      ]
    },
    {
      "module": "module.simple-vpc",
      "mode": "managed",
      "type": "aws_security_group_rule",
      "name": "egress_all",
      "provider": "module.simple-vpc.provider[\"registry.terraform.io/hashicorp/aws\"]",
      "instances": [
        {
          "schema_version": 2,
          "attributes": {
            "cidr_blocks": [
              "0.0.0.0/0"
            ],
            "description": "allow all outbound",
            "from_port": 0,
            "id": "sgrule-2339011565",
            "ipv6_cidr_blocks": [],
            "prefix_list_ids": [],
            "protocol": "-1",
            "security_group_id": "sg-0d64429fb48330a00",
            "self": false,
            "source_security_group_id": null,
            "to_port": 0,
            "type": "egress"
          },
          "sensitive_attributes": [],
          "private": "eyJzY2hlbWFfdmVyc2lvbiI6IjIifQ==",
          "dependencies": [
            "module.simple-vpc.aws_security_group.vpc",
            "module.simple-vpc.aws_vpc.main"
          ]
        }
      ]
    },
    {
      "module": "module.simple-vpc",
      "mode": "managed",
      "type": "aws_security_group_rule",
      "name": "ingress_ssh",
      "provider": "module.simple-vpc.provider[\"registry.terraform.io/hashicorp/aws\"]",
      "instances": [
        {
          "schema_version": 2,
          "attributes": {
            "cidr_blocks": [
              "0.0.0.0/0"
            ],
            "description": "allow inbound ssh",
            "from_port": 22,
            "id": "sgrule-3567910992",
            "ipv6_cidr_blocks": [],
            "prefix_list_ids": [],
            "protocol": "tcp",
            "security_group_id": "sg-0d64429fb48330a00",
            "self": false,
            "source_security_group_id": null,
            "to_port": 22,
            "type": "ingress"
          },
          "sensitive_attributes": [],
          "private": "eyJzY2hlbWFfdmVyc2lvbiI6IjIifQ==",
          "dependencies": [
            "module.simple-vpc.aws_security_group.vpc",
            "module.simple-vpc.aws_vpc.main"
          ]
        }
      ]
    },
    {
      "module": "module.simple-vpc",
      "mode": "managed",
      "type": "aws_subnet",
      "name": "private",
      "provider": "module.simple-vpc.provider[\"registry.terraform.io/hashicorp/aws\"]",
      "instances": [
        {
          "schema_version": 1,
          "attributes": {
            "arn": "arn:aws:ec2:eu-west-1:781487097529:subnet/subnet-0d55cae85ba4b4d9a",
            "assign_ipv6_address_on_creation": false,
            "availability_zone": "eu-west-1a",
            "availability_zone_id": "euw1-az2",
            "cidr_block": "10.0.1.0/24",
            "customer_owned_ipv4_pool": "",
            "enable_dns64": false,
            "enable_resource_name_dns_a_record_on_launch": false,
            "enable_resource_name_dns_aaaa_record_on_launch": false,
            "id": "subnet-0d55cae85ba4b4d9a",
            "ipv6_cidr_block": "",
            "ipv6_cidr_block_association_id": "",
            "ipv6_native": false,
            "map_customer_owned_ip_on_launch": false,
            "map_public_ip_on_launch": false,
            "outpost_arn": "",
            "owner_id": "781487097529",
            "private_dns_hostname_type_on_launch": "ip-name",
            "tags": {
              "Name": "vpc RE",
              "owner": "richarde"
            },
            "tags_all": {
              "Name": "vpc RE",
              "owner": "richarde"
            },
            "timeouts": null,
            "vpc_id": "vpc-0705f116e3d1c9418"
          },
          "sensitive_attributes": [],
          "private": "eyJlMmJmYjczMC1lY2FhLTExZTYtOGY4OC0zNDM2M2JjN2M0YzAiOnsiY3JlYXRlIjo2MDAwMDAwMDAwMDAsImRlbGV0ZSI6MTIwMDAwMDAwMDAwMH0sInNjaGVtYV92ZXJzaW9uIjoiMSJ9",
          "dependencies": [
            "module.simple-vpc.aws_vpc.main"
          ]
        }
      ]
    },
    {
      "module": "module.simple-vpc",
      "mode": "managed",
      "type": "aws_subnet",
      "name": "public",
      "provider": "module.simple-vpc.provider[\"registry.terraform.io/hashicorp/aws\"]",
      "instances": [
        {
          "schema_version": 1,
          "attributes": {
            "arn": "arn:aws:ec2:eu-west-1:781487097529:subnet/subnet-071a84653feac65ec",
            "assign_ipv6_address_on_creation": false,
            "availability_zone": "eu-west-1b",
            "availability_zone_id": "euw1-az3",
            "cidr_block": "10.0.0.0/24",
            "customer_owned_ipv4_pool": "",
            "enable_dns64": false,
            "enable_resource_name_dns_a_record_on_launch": false,
            "enable_resource_name_dns_aaaa_record_on_launch": false,
            "id": "subnet-071a84653feac65ec",
            "ipv6_cidr_block": "",
            "ipv6_cidr_block_association_id": "",
            "ipv6_native": false,
            "map_customer_owned_ip_on_launch": false,
            "map_public_ip_on_launch": true,
            "outpost_arn": "",
            "owner_id": "781487097529",
            "private_dns_hostname_type_on_launch": "ip-name",
            "tags": {
              "Name": "vpc RE",
              "owner": "richarde"
            },
            "tags_all": {
              "Name": "vpc RE",
              "owner": "richarde"
            },
            "timeouts": null,
            "vpc_id": "vpc-0705f116e3d1c9418"
          },
          "sensitive_attributes": [],
          "private": "eyJlMmJmYjczMC1lY2FhLTExZTYtOGY4OC0zNDM2M2JjN2M0YzAiOnsiY3JlYXRlIjo2MDAwMDAwMDAwMDAsImRlbGV0ZSI6MTIwMDAwMDAwMDAwMH0sInNjaGVtYV92ZXJzaW9uIjoiMSJ9",
          "dependencies": [
            "module.simple-vpc.aws_vpc.main"
          ]
        }
      ]
    },
    {
      "module": "module.simple-vpc",
      "mode": "managed",
      "type": "aws_vpc",
      "name": "main",
      "provider": "module.simple-vpc.provider[\"registry.terraform.io/hashicorp/aws\"]",
      "instances": [
        {
          "schema_version": 1,
          "attributes": {
            "arn": "arn:aws:ec2:eu-west-1:781487097529:vpc/vpc-0705f116e3d1c9418",
            "assign_generated_ipv6_cidr_block": false,
            "cidr_block": "10.0.0.0/16",
            "default_network_acl_id": "acl-08eb3236281690c0e",
            "default_route_table_id": "rtb-0866860fa2be37eda",
            "default_security_group_id": "sg-0c3a3067a0fca3e9e",
            "dhcp_options_id": "dopt-73dd4b15",
            "enable_classiclink": false,
            "enable_classiclink_dns_support": false,
            "enable_dns_hostnames": false,
            "enable_dns_support": true,
            "id": "vpc-0705f116e3d1c9418",
            "instance_tenancy": "default",
            "ipv4_ipam_pool_id": null,
            "ipv4_netmask_length": null,
            "ipv6_association_id": "",
            "ipv6_cidr_block": "",
            "ipv6_cidr_block_network_border_group": "",
            "ipv6_ipam_pool_id": "",
            "ipv6_netmask_length": 0,
            "main_route_table_id": "rtb-0866860fa2be37eda",
            "owner_id": "781487097529",
            "tags": {
              "Name": "vpc RE",
              "owner": "richarde"
            },
            "tags_all": {
              "Name": "vpc RE",
              "owner": "richarde"
            }
          },
          "sensitive_attributes": [],
          "private": "eyJzY2hlbWFfdmVyc2lvbiI6IjEifQ=="
        }
      ]
    }
  ]
}
